
Microsoft Visual Studio Solution File, Format Version 12.00
# Visual Studio Version 16
VisualStudioVersion = 16.0.30225.117
MinimumVisualStudioVersion = 10.0.40219.1
Project("{9A19103F-16F7-4668-BE54-9A1E7A4F7556}") = "OneSms", "OneSms\OneSms.csproj", "{A4897A4F-3E58-4694-9B32-96A4212A39D3}"
EndProject
Project("{FAE04EC0-301F-11D3-BF4B-00C04F79EFBC}") = "OneUssd", "OneUssd\OneUssd.csproj", "{E3BD077B-C9E4-4BE6-A025-7C29EA46A844}"
EndProject
Project("{9A19103F-16F7-4668-BE54-9A1E7A4F7556}") = "OneSms.Web.Shared", "OneSms.Web\Shared\OneSms.Web.Shared.csproj", "{3E48221B-A655-4A5D-A3EC-BA04F36E9D85}"
EndProject
Project("{FAE04EC0-301F-11D3-BF4B-00C04F79EFBC}") = "OneSms.Droid.Server", "OneSms.Droid.Server\OneSms.Droid.Server.csproj", "{1C595F9D-E297-4926-8BBC-0802B8C614EB}"
EndProject
Project("{9A19103F-16F7-4668-BE54-9A1E7A4F7556}") = "OneSms.Contracts", "OneSms.Contracts\OneSms.Contracts.csproj", "{88C4639A-1A17-4B7B-933C-0076595BADFC}"
EndProject
Project("{FAE04EC0-301F-11D3-BF4B-00C04F79EFBC}") = "RestrictionByPass", "RestrictionByPass\RestrictionByPass.csproj", "{F6682E30-E5FA-4B0F-AF44-831A8CA59CBF}"
EndProject
Project("{FAE04EC0-301F-11D3-BF4B-00C04F79EFBC}") = "OneSms.Domain", "OneSms.Domain\OneSms.Domain.csproj", "{FA164C71-DA19-4776-8758-D6962AA53430}"
EndProject
Global
	GlobalSection(SolutionConfigurationPlatforms) = preSolution
		Debug|Any CPU = Debug|Any CPU
		Debug|iPhone = Debug|iPhone
		Debug|iPhoneSimulator = Debug|iPhoneSimulator
		Release|Any CPU = Release|Any CPU
		Release|iPhone = Release|iPhone
		Release|iPhoneSimulator = Release|iPhoneSimulator
	EndGlobalSection
	GlobalSection(ProjectConfigurationPlatforms) = postSolution
		{A4897A4F-3E58-4694-9B32-96A4212A39D3}.Debug|Any CPU.ActiveCfg = Debug|Any CPU
		{A4897A4F-3E58-4694-9B32-96A4212A39D3}.Debug|Any CPU.Build.0 = Debug|Any CPU
		{A4897A4F-3E58-4694-9B32-96A4212A39D3}.Debug|iPhone.ActiveCfg = Debug|Any CPU
		{A4897A4F-3E58-4694-9B32-96A4212A39D3}.Debug|iPhone.Build.0 = Debug|Any CPU
		{A4897A4F-3E58-4694-9B32-96A4212A39D3}.Debug|iPhoneSimulator.ActiveCfg = Debug|Any CPU
		{A4897A4F-3E58-4694-9B32-96A4212A39D3}.Debug|iPhoneSimulator.Build.0 = Debug|Any CPU
		{A4897A4F-3E58-4694-9B32-96A4212A39D3}.Release|Any CPU.ActiveCfg = Release|Any CPU
		{A4897A4F-3E58-4694-9B32-96A4212A39D3}.Release|Any CPU.Build.0 = Release|Any CPU
		{A4897A4F-3E58-4694-9B32-96A4212A39D3}.Release|iPhone.ActiveCfg = Release|Any CPU
		{A4897A4F-3E58-4694-9B32-96A4212A39D3}.Release|iPhone.Build.0 = Release|Any CPU
		{A4897A4F-3E58-4694-9B32-96A4212A39D3}.Release|iPhoneSimulator.ActiveCfg = Release|Any CPU
		{A4897A4F-3E58-4694-9B32-96A4212A39D3}.Release|iPhoneSimulator.Build.0 = Release|Any CPU
		{E3BD077B-C9E4-4BE6-A025-7C29EA46A844}.Debug|Any CPU.ActiveCfg = Debug|Any CPU
		{E3BD077B-C9E4-4BE6-A025-7C29EA46A844}.Debug|Any CPU.Build.0 = Debug|Any CPU
		{E3BD077B-C9E4-4BE6-A025-7C29EA46A844}.Debug|iPhone.ActiveCfg = Debug|Any CPU
		{E3BD077B-C9E4-4BE6-A025-7C29EA46A844}.Debug|iPhone.Build.0 = Debug|Any CPU
		{E3BD077B-C9E4-4BE6-A025-7C29EA46A844}.Debug|iPhoneSimulator.ActiveCfg = Debug|Any CPU
		{E3BD077B-C9E4-4BE6-A025-7C29EA46A844}.Debug|iPhoneSimulator.Build.0 = Debug|Any CPU
		{E3BD077B-C9E4-4BE6-A025-7C29EA46A844}.Release|Any CPU.ActiveCfg = Release|Any CPU
		{E3BD077B-C9E4-4BE6-A025-7C29EA46A844}.Release|Any CPU.Build.0 = Release|Any CPU
		{E3BD077B-C9E4-4BE6-A025-7C29EA46A844}.Release|iPhone.ActiveCfg = Release|Any CPU
		{E3BD077B-C9E4-4BE6-A025-7C29EA46A844}.Release|iPhone.Build.0 = Release|Any CPU
		{E3BD077B-C9E4-4BE6-A025-7C29EA46A844}.Release|iPhoneSimulator.ActiveCfg = Release|Any CPU
		{E3BD077B-C9E4-4BE6-A025-7C29EA46A844}.Release|iPhoneSimulator.Build.0 = Release|Any CPU
		{3E48221B-A655-4A5D-A3EC-BA04F36E9D85}.Debug|Any CPU.ActiveCfg = Debug|Any CPU
		{3E48221B-A655-4A5D-A3EC-BA04F36E9D85}.Debug|Any CPU.Build.0 = Debug|Any CPU
		{3E48221B-A655-4A5D-A3EC-BA04F36E9D85}.Debug|iPhone.ActiveCfg = Debug|Any CPU
		{3E48221B-A655-4A5D-A3EC-BA04F36E9D85}.Debug|iPhone.Build.0 = Debug|Any CPU
		{3E48221B-A655-4A5D-A3EC-BA04F36E9D85}.Debug|iPhoneSimulator.ActiveCfg = Debug|Any CPU
		{3E48221B-A655-4A5D-A3EC-BA04F36E9D85}.Debug|iPhoneSimulator.Build.0 = Debug|Any CPU
		{3E48221B-A655-4A5D-A3EC-BA04F36E9D85}.Release|Any CPU.ActiveCfg = Release|Any CPU
		{3E48221B-A655-4A5D-A3EC-BA04F36E9D85}.Release|Any CPU.Build.0 = Release|Any CPU
		{3E48221B-A655-4A5D-A3EC-BA04F36E9D85}.Release|iPhone.ActiveCfg = Release|Any CPU
		{3E48221B-A655-4A5D-A3EC-BA04F36E9D85}.Release|iPhone.Build.0 = Release|Any CPU
		{3E48221B-A655-4A5D-A3EC-BA04F36E9D85}.Release|iPhoneSimulator.ActiveCfg = Release|Any CPU
		{3E48221B-A655-4A5D-A3EC-BA04F36E9D85}.Release|iPhoneSimulator.Build.0 = Release|Any CPU
		{1C595F9D-E297-4926-8BBC-0802B8C614EB}.Debug|Any CPU.ActiveCfg = Debug|Any CPU
		{1C595F9D-E297-4926-8BBC-0802B8C614EB}.Debug|Any CPU.Build.0 = Debug|Any CPU
		{1C595F9D-E297-4926-8BBC-0802B8C614EB}.Debug|Any CPU.Deploy.0 = Debug|Any CPU
		{1C595F9D-E297-4926-8BBC-0802B8C614EB}.Debug|iPhone.ActiveCfg = Debug|Any CPU
		{1C595F9D-E297-4926-8BBC-0802B8C614EB}.Debug|iPhone.Build.0 = Debug|Any CPU
		{1C595F9D-E297-4926-8BBC-0802B8C614EB}.Debug|iPhone.Deploy.0 = Debug|Any CPU
		{1C595F9D-E297-4926-8BBC-0802B8C614EB}.Debug|iPhoneSimulator.ActiveCfg = Debug|Any CPU
		{1C595F9D-E297-4926-8BBC-0802B8C614EB}.Debug|iPhoneSimulator.Build.0 = Debug|Any CPU
		{1C595F9D-E297-4926-8BBC-0802B8C614EB}.Debug|iPhoneSimulator.Deploy.0 = Debug|Any CPU
		{1C595F9D-E297-4926-8BBC-0802B8C614EB}.Release|Any CPU.ActiveCfg = Release|Any CPU
		{1C595F9D-E297-4926-8BBC-0802B8C614EB}.Release|Any CPU.Build.0 = Release|Any CPU
		{1C595F9D-E297-4926-8BBC-0802B8C614EB}.Release|Any CPU.Deploy.0 = Release|Any CPU
		{1C595F9D-E297-4926-8BBC-0802B8C614EB}.Release|iPhone.ActiveCfg = Release|Any CPU
		{1C595F9D-E297-4926-8BBC-0802B8C614EB}.Release|iPhone.Build.0 = Release|Any CPU
		{1C595F9D-E297-4926-8BBC-0802B8C614EB}.Release|iPhone.Deploy.0 = Release|Any CPU
		{1C595F9D-E297-4926-8BBC-0802B8C614EB}.Release|iPhoneSimulator.ActiveCfg = Release|Any CPU
		{1C595F9D-E297-4926-8BBC-0802B8C614EB}.Release|iPhoneSimulator.Build.0 = Release|Any CPU
		{1C595F9D-E297-4926-8BBC-0802B8C614EB}.Release|iPhoneSimulator.Deploy.0 = Release|Any CPU
		{88C4639A-1A17-4B7B-933C-0076595BADFC}.Debug|Any CPU.ActiveCfg = Debug|Any CPU
		{88C4639A-1A17-4B7B-933C-0076595BADFC}.Debug|Any CPU.Build.0 = Debug|Any CPU
		{88C4639A-1A17-4B7B-933C-0076595BADFC}.Debug|iPhone.ActiveCfg = Debug|Any CPU
		{88C4639A-1A17-4B7B-933C-0076595BADFC}.Debug|iPhone.Build.0 = Debug|Any CPU
		{88C4639A-1A17-4B7B-933C-0076595BADFC}.Debug|iPhoneSimulator.ActiveCfg = Debug|Any CPU
		{88C4639A-1A17-4B7B-933C-0076595BADFC}.Debug|iPhoneSimulator.Build.0 = Debug|Any CPU
		{88C4639A-1A17-4B7B-933C-0076595BADFC}.Release|Any CPU.ActiveCfg = Release|Any CPU
		{88C4639A-1A17-4B7B-933C-0076595BADFC}.Release|Any CPU.Build.0 = Release|Any CPU
		{88C4639A-1A17-4B7B-933C-0076595BADFC}.Release|iPhone.ActiveCfg = Release|Any CPU
		{88C4639A-1A17-4B7B-933C-0076595BADFC}.Release|iPhone.Build.0 = Release|Any CPU
		{88C4639A-1A17-4B7B-933C-0076595BADFC}.Release|iPhoneSimulator.ActiveCfg = Release|Any CPU
		{88C4639A-1A17-4B7B-933C-0076595BADFC}.Release|iPhoneSimulator.Build.0 = Release|Any CPU
		{F6682E30-E5FA-4B0F-AF44-831A8CA59CBF}.Debug|Any CPU.ActiveCfg = Debug|Any CPU
		{F6682E30-E5FA-4B0F-AF44-831A8CA59CBF}.Debug|Any CPU.Build.0 = Debug|Any CPU
		{F6682E30-E5FA-4B0F-AF44-831A8CA59CBF}.Debug|iPhone.ActiveCfg = Debug|Any CPU
		{F6682E30-E5FA-4B0F-AF44-831A8CA59CBF}.Debug|iPhone.Build.0 = Debug|Any CPU
		{F6682E30-E5FA-4B0F-AF44-831A8CA59CBF}.Debug|iPhoneSimulator.ActiveCfg = Debug|Any CPU
		{F6682E30-E5FA-4B0F-AF44-831A8CA59CBF}.Debug|iPhoneSimulator.Build.0 = Debug|Any CPU
		{F6682E30-E5FA-4B0F-AF44-831A8CA59CBF}.Release|Any CPU.ActiveCfg = Release|Any CPU
		{F6682E30-E5FA-4B0F-AF44-831A8CA59CBF}.Release|Any CPU.Build.0 = Release|Any CPU
		{F6682E30-E5FA-4B0F-AF44-831A8CA59CBF}.Release|iPhone.ActiveCfg = Release|Any CPU
		{F6682E30-E5FA-4B0F-AF44-831A8CA59CBF}.Release|iPhone.Build.0 = Release|Any CPU
		{F6682E30-E5FA-4B0F-AF44-831A8CA59CBF}.Release|iPhoneSimulator.ActiveCfg = Release|Any CPU
		{F6682E30-E5FA-4B0F-AF44-831A8CA59CBF}.Release|iPhoneSimulator.Build.0 = Release|Any CPU
		{FA164C71-DA19-4776-8758-D6962AA53430}.Debug|Any CPU.ActiveCfg = Debug|Any CPU
		{FA164C71-DA19-4776-8758-D6962AA53430}.Debug|Any CPU.Build.0 = Debug|Any CPU
		{FA164C71-DA19-4776-8758-D6962AA53430}.Debug|iPhone.ActiveCfg = Debug|Any CPU
		{FA164C71-DA19-4776-8758-D6962AA53430}.Debug|iPhone.Build.0 = Debug|Any CPU
		{FA164C71-DA19-4776-8758-D6962AA53430}.Debug|iPhoneSimulator.ActiveCfg = Debug|Any CPU
		{FA164C71-DA19-4776-8758-D6962AA53430}.Debug|iPhoneSimulator.Build.0 = Debug|Any CPU
		{FA164C71-DA19-4776-8758-D6962AA53430}.Release|Any CPU.ActiveCfg = Release|Any CPU
		{FA164C71-DA19-4776-8758-D6962AA53430}.Release|Any CPU.Build.0 = Release|Any CPU
		{FA164C71-DA19-4776-8758-D6962AA53430}.Release|iPhone.ActiveCfg = Release|Any CPU
		{FA164C71-DA19-4776-8758-D6962AA53430}.Release|iPhone.Build.0 = Release|Any CPU
		{FA164C71-DA19-4776-8758-D6962AA53430}.Release|iPhoneSimulator.ActiveCfg = Release|Any CPU
		{FA164C71-DA19-4776-8758-D6962AA53430}.Release|iPhoneSimulator.Build.0 = Release|Any CPU
	EndGlobalSection
	GlobalSection(SolutionProperties) = preSolution
		HideSolutionNode = FALSE
	EndGlobalSection
	GlobalSection(ExtensibilityGlobals) = postSolution
		SolutionGuid = {06C93291-C053-4CA3-B4BD-A5C8E461040F}
	EndGlobalSection
EndGlobal
